
Microsoft Visual Studio Solution File, Format Version 12.00
# Visual Studio Version 17
VisualStudioVersion = 17.9.34622.214
MinimumVisualStudioVersion = 10.0.40219.1
Project("{FAE04EC0-301F-11D3-BF4B-00C04F79EFBC}") = "SendMessageEmail.API", "SendMessageEmail.API\SendMessageEmail.API.csproj", "{DDA7556C-DA3E-4593-90B8-622D099AC5FD}"
EndProject
Project("{FAE04EC0-301F-11D3-BF4B-00C04F79EFBC}") = "SendMessageEmail.Domain", "SendMessageEmail.Domain\SendMessageEmail.Domain.csproj", "{69547F57-0F0A-4E11-8B7F-2B200CE35478}"
EndProject
Project("{FAE04EC0-301F-11D3-BF4B-00C04F79EFBC}") = "SendMessageEmail.Application", "SendMessageEmail.Application\SendMessageEmail.Application.csproj", "{5644EBE6-E5C1-4716-B775-1095D3F1E78B}"
EndProject
Project("{FAE04EC0-301F-11D3-BF4B-00C04F79EFBC}") = "SendMessageEmail.Infrastructure", "SendMessageEmail.Infrastructure\SendMessageEmail.Infrastructure.csproj", "{6887D9B7-1137-4742-9D55-E938811B8A34}"
EndProject
Global
	GlobalSection(SolutionConfigurationPlatforms) = preSolution
		Debug|Any CPU = Debug|Any CPU
		Release|Any CPU = Release|Any CPU
	EndGlobalSection
	GlobalSection(ProjectConfigurationPlatforms) = postSolution
		{DDA7556C-DA3E-4593-90B8-622D099AC5FD}.Debug|Any CPU.ActiveCfg = Debug|Any CPU
		{DDA7556C-DA3E-4593-90B8-622D099AC5FD}.Debug|Any CPU.Build.0 = Debug|Any CPU
		{DDA7556C-DA3E-4593-90B8-622D099AC5FD}.Release|Any CPU.ActiveCfg = Release|Any CPU
		{DDA7556C-DA3E-4593-90B8-622D099AC5FD}.Release|Any CPU.Build.0 = Release|Any CPU
		{69547F57-0F0A-4E11-8B7F-2B200CE35478}.Debug|Any CPU.ActiveCfg = Debug|Any CPU
		{69547F57-0F0A-4E11-8B7F-2B200CE35478}.Debug|Any CPU.Build.0 = Debug|Any CPU
		{69547F57-0F0A-4E11-8B7F-2B200CE35478}.Release|Any CPU.ActiveCfg = Release|Any CPU
		{69547F57-0F0A-4E11-8B7F-2B200CE35478}.Release|Any CPU.Build.0 = Release|Any CPU
		{5644EBE6-E5C1-4716-B775-1095D3F1E78B}.Debug|Any CPU.ActiveCfg = Debug|Any CPU
		{5644EBE6-E5C1-4716-B775-1095D3F1E78B}.Debug|Any CPU.Build.0 = Debug|Any CPU
		{5644EBE6-E5C1-4716-B775-1095D3F1E78B}.Release|Any CPU.ActiveCfg = Release|Any CPU
		{5644EBE6-E5C1-4716-B775-1095D3F1E78B}.Release|Any CPU.Build.0 = Release|Any CPU
		{6887D9B7-1137-4742-9D55-E938811B8A34}.Debug|Any CPU.ActiveCfg = Debug|Any CPU
		{6887D9B7-1137-4742-9D55-E938811B8A34}.Debug|Any CPU.Build.0 = Debug|Any CPU
		{6887D9B7-1137-4742-9D55-E938811B8A34}.Release|Any CPU.ActiveCfg = Release|Any CPU
		{6887D9B7-1137-4742-9D55-E938811B8A34}.Release|Any CPU.Build.0 = Release|Any CPU
	EndGlobalSection
	GlobalSection(SolutionProperties) = preSolution
		HideSolutionNode = FALSE
	EndGlobalSection
	GlobalSection(ExtensibilityGlobals) = postSolution
		SolutionGuid = {42D4AADF-BB2F-4BBD-A129-85127A78BF3C}
	EndGlobalSection
EndGlobal
